
Microsoft Visual Studio Solution File, Format Version 12.00
# Visual Studio 15
Project("{F2A71F9B-5D33-465A-A702-920D77279786}") = "Fom", "Fom\Fom.fsproj", "{811BC954-B0C7-4A18-A27E-13861C05E76F}"
EndProject
Project("{F2A71F9B-5D33-465A-A702-920D77279786}") = "FomSample", "FomSample\FomSample.fsproj", "{94115D0F-1FF1-4919-BD88-F4B27FEC10F1}"
EndProject
Global
	GlobalSection(SolutionConfigurationPlatforms) = preSolution
		Debug|Any CPU = Debug|Any CPU
		Release|Any CPU = Release|Any CPU
		Debug|iPhoneSimulator = Debug|iPhoneSimulator
		Release|iPhone = Release|iPhone
		Release|iPhoneSimulator = Release|iPhoneSimulator
		Debug|iPhone = Debug|iPhone
	EndGlobalSection
	GlobalSection(ProjectConfigurationPlatforms) = postSolution
		{811BC954-B0C7-4A18-A27E-13861C05E76F}.Debug|Any CPU.ActiveCfg = Debug|Any CPU
		{811BC954-B0C7-4A18-A27E-13861C05E76F}.Debug|Any CPU.Build.0 = Debug|Any CPU
		{811BC954-B0C7-4A18-A27E-13861C05E76F}.Release|Any CPU.ActiveCfg = Release|Any CPU
		{811BC954-B0C7-4A18-A27E-13861C05E76F}.Release|Any CPU.Build.0 = Release|Any CPU
		{811BC954-B0C7-4A18-A27E-13861C05E76F}.Debug|iPhoneSimulator.ActiveCfg = Debug|Any CPU
		{811BC954-B0C7-4A18-A27E-13861C05E76F}.Debug|iPhoneSimulator.Build.0 = Debug|Any CPU
		{811BC954-B0C7-4A18-A27E-13861C05E76F}.Release|iPhone.ActiveCfg = Release|Any CPU
		{811BC954-B0C7-4A18-A27E-13861C05E76F}.Release|iPhone.Build.0 = Release|Any CPU
		{811BC954-B0C7-4A18-A27E-13861C05E76F}.Release|iPhoneSimulator.ActiveCfg = Release|Any CPU
		{811BC954-B0C7-4A18-A27E-13861C05E76F}.Release|iPhoneSimulator.Build.0 = Release|Any CPU
		{811BC954-B0C7-4A18-A27E-13861C05E76F}.Debug|iPhone.ActiveCfg = Debug|Any CPU
		{811BC954-B0C7-4A18-A27E-13861C05E76F}.Debug|iPhone.Build.0 = Debug|Any CPU
		{94115D0F-1FF1-4919-BD88-F4B27FEC10F1}.Debug|Any CPU.ActiveCfg = Debug|iPhoneSimulator
		{94115D0F-1FF1-4919-BD88-F4B27FEC10F1}.Debug|Any CPU.Build.0 = Debug|iPhoneSimulator
		{94115D0F-1FF1-4919-BD88-F4B27FEC10F1}.Release|Any CPU.ActiveCfg = Release|iPhone
		{94115D0F-1FF1-4919-BD88-F4B27FEC10F1}.Release|Any CPU.Build.0 = Release|iPhone
		{94115D0F-1FF1-4919-BD88-F4B27FEC10F1}.Debug|iPhoneSimulator.ActiveCfg = Debug|iPhoneSimulator
		{94115D0F-1FF1-4919-BD88-F4B27FEC10F1}.Debug|iPhoneSimulator.Build.0 = Debug|iPhoneSimulator
		{94115D0F-1FF1-4919-BD88-F4B27FEC10F1}.Release|iPhone.ActiveCfg = Release|iPhone
		{94115D0F-1FF1-4919-BD88-F4B27FEC10F1}.Release|iPhone.Build.0 = Release|iPhone
		{94115D0F-1FF1-4919-BD88-F4B27FEC10F1}.Release|iPhoneSimulator.ActiveCfg = Release|iPhoneSimulator
		{94115D0F-1FF1-4919-BD88-F4B27FEC10F1}.Release|iPhoneSimulator.Build.0 = Release|iPhoneSimulator
		{94115D0F-1FF1-4919-BD88-F4B27FEC10F1}.Debug|iPhone.ActiveCfg = Debug|iPhone
		{94115D0F-1FF1-4919-BD88-F4B27FEC10F1}.Debug|iPhone.Build.0 = Debug|iPhone
	EndGlobalSection
EndGlobal
